
Microsoft Visual Studio Solution File, Format Version 12.00
# Visual Studio 2013
VisualStudioVersion = 12.0.31101.0
MinimumVisualStudioVersion = 10.0.40219.1
Project("{FAE04EC0-301F-11D3-BF4B-00C04F79EFBC}") = "project2v3_csc330", "project2v3_csc330\project2v3_csc330.csproj", "{543FD0FE-ADD0-4898-BE76-693B2000F648}"
EndProject
Global
	GlobalSection(SolutionConfigurationPlatforms) = preSolution
		Debug|Any CPU = Debug|Any CPU
		Release|Any CPU = Release|Any CPU
	EndGlobalSection
	GlobalSection(ProjectConfigurationPlatforms) = postSolution
		{543FD0FE-ADD0-4898-BE76-693B2000F648}.Debug|Any CPU.ActiveCfg = Debug|Any CPU
		{543FD0FE-ADD0-4898-BE76-693B2000F648}.Debug|Any CPU.Build.0 = Debug|Any CPU
		{543FD0FE-ADD0-4898-BE76-693B2000F648}.Release|Any CPU.ActiveCfg = Release|Any CPU
		{543FD0FE-ADD0-4898-BE76-693B2000F648}.Release|Any CPU.Build.0 = Release|Any CPU
	EndGlobalSection
	GlobalSection(SolutionProperties) = preSolution
		HideSolutionNode = FALSE
	EndGlobalSection
EndGlobal
